
Microsoft Visual Studio Solution File, Format Version 12.00
# Visual Studio 15
VisualStudioVersion = 15.0.27130.2027
MinimumVisualStudioVersion = 10.0.40219.1
Project("{9A19103F-16F7-4668-BE54-9A1E7A4F7556}") = "DigitsRegocnizer", "DigitsRecognizer\DigitsRegocnizer.csproj", "{C7BF4E35-7A28-4622-9B58-D18C3CAB95C7}"
EndProject
Project("{9A19103F-16F7-4668-BE54-9A1E7A4F7556}") = "UnitTests", "UnitTests\UnitTests.csproj", "{072A110F-8535-423E-B995-778C5A98933A}"
EndProject
Global
	GlobalSection(SolutionConfigurationPlatforms) = preSolution
		Debug|Any CPU = Debug|Any CPU
		Release|Any CPU = Release|Any CPU
	EndGlobalSection
	GlobalSection(ProjectConfigurationPlatforms) = postSolution
		{C7BF4E35-7A28-4622-9B58-D18C3CAB95C7}.Debug|Any CPU.ActiveCfg = Debug|Any CPU
		{C7BF4E35-7A28-4622-9B58-D18C3CAB95C7}.Debug|Any CPU.Build.0 = Debug|Any CPU
		{C7BF4E35-7A28-4622-9B58-D18C3CAB95C7}.Release|Any CPU.ActiveCfg = Release|Any CPU
		{C7BF4E35-7A28-4622-9B58-D18C3CAB95C7}.Release|Any CPU.Build.0 = Release|Any CPU
		{072A110F-8535-423E-B995-778C5A98933A}.Debug|Any CPU.ActiveCfg = Debug|Any CPU
		{072A110F-8535-423E-B995-778C5A98933A}.Debug|Any CPU.Build.0 = Debug|Any CPU
		{072A110F-8535-423E-B995-778C5A98933A}.Release|Any CPU.ActiveCfg = Release|Any CPU
		{072A110F-8535-423E-B995-778C5A98933A}.Release|Any CPU.Build.0 = Release|Any CPU
	EndGlobalSection
	GlobalSection(SolutionProperties) = preSolution
		HideSolutionNode = FALSE
	EndGlobalSection
	GlobalSection(ExtensibilityGlobals) = postSolution
		SolutionGuid = {9613A23E-A52F-4118-997B-89E2599F8D2A}
	EndGlobalSection
EndGlobal
