
Microsoft Visual Studio Solution File, Format Version 12.00
# Visual Studio 15
VisualStudioVersion = 15.0.27130.2027
MinimumVisualStudioVersion = 10.0.40219.1
Project("{F2A71F9B-5D33-465A-A702-920D77279786}") = "SpamDetector", "SpamDetector\SpamDetector.fsproj", "{15A3213E-652A-4BFC-AA85-38CF98398E52}"
EndProject
Project("{F2A71F9B-5D33-465A-A702-920D77279786}") = "SpamDetector.UnitTests", "..\SpamDetector.UnitTests\SpamDetector.UnitTests.fsproj", "{C8C840C6-55E1-44A3-967E-062944E099BA}"
EndProject
Global
	GlobalSection(SolutionConfigurationPlatforms) = preSolution
		Debug|Any CPU = Debug|Any CPU
		Release|Any CPU = Release|Any CPU
	EndGlobalSection
	GlobalSection(ProjectConfigurationPlatforms) = postSolution
		{15A3213E-652A-4BFC-AA85-38CF98398E52}.Debug|Any CPU.ActiveCfg = Debug|Any CPU
		{15A3213E-652A-4BFC-AA85-38CF98398E52}.Debug|Any CPU.Build.0 = Debug|Any CPU
		{15A3213E-652A-4BFC-AA85-38CF98398E52}.Release|Any CPU.ActiveCfg = Release|Any CPU
		{15A3213E-652A-4BFC-AA85-38CF98398E52}.Release|Any CPU.Build.0 = Release|Any CPU
		{C8C840C6-55E1-44A3-967E-062944E099BA}.Debug|Any CPU.ActiveCfg = Debug|Any CPU
		{C8C840C6-55E1-44A3-967E-062944E099BA}.Debug|Any CPU.Build.0 = Debug|Any CPU
		{C8C840C6-55E1-44A3-967E-062944E099BA}.Release|Any CPU.ActiveCfg = Release|Any CPU
		{C8C840C6-55E1-44A3-967E-062944E099BA}.Release|Any CPU.Build.0 = Release|Any CPU
	EndGlobalSection
	GlobalSection(SolutionProperties) = preSolution
		HideSolutionNode = FALSE
	EndGlobalSection
	GlobalSection(ExtensibilityGlobals) = postSolution
		SolutionGuid = {27AEF62F-E966-4F6D-9C21-B01F19E421A6}
	EndGlobalSection
EndGlobal
